Microsoft Visual Studio Solution File, Format Version 12.00
# Visual Studio Version 17
VisualStudioVersion = 17.5.2.0
MinimumVisualStudioVersion = 10.0.40219.1
Project("{2150E333-8FDC-42A3-9474-1A3956D46DE8}") = "labs", "labs", "{908A2AE8-7277-8D33-5900-B70622523C2F}"
EndProject
Project("{2150E333-8FDC-42A3-9474-1A3956D46DE8}") = "01-computer-science", "01-computer-science", "{D547F825-72A2-58AB-F149-1D30ACBBC463}"
EndProject
Project("{2150E333-8FDC-42A3-9474-1A3956D46DE8}") = "workload-lab", "workload-lab", "{22CD7382-9602-EDF1-A93C-69061D266746}"
EndProject
Project("{FAE04EC0-301F-11D3-BF4B-00C04F79EFBC}") = "WorkloadLab", "labs\01-computer-science\workload-lab\WorkloadLab.csproj", "{EF8E30E2-FE5F-C144-4F60-964324CEE44A}"
EndProject
Project("{2150E333-8FDC-42A3-9474-1A3956D46DE8}") = "02-linux-git-networking", "02-linux-git-networking", "{2597196B-27DA-7AD3-E1DC-74194B4B1D6E}"
EndProject
Project("{2150E333-8FDC-42A3-9474-1A3956D46DE8}") = "incident-service", "incident-service", "{811F1C53-1A52-397C-4573-C42C8A17690A}"
EndProject
Project("{FAE04EC0-301F-11D3-BF4B-00C04F79EFBC}") = "IncidentService", "labs\02-linux-git-networking\incident-service\IncidentService.csproj", "{69CD479B-FCEF-37BD-8F65-E1A3216C2428}"
EndProject
Project("{2150E333-8FDC-42A3-9474-1A3956D46DE8}") = "03-dotnet", "03-dotnet", "{0DDD1D50-BAFF-9A47-2BDA-B383699962D6}"
EndProject
Project("{2150E333-8FDC-42A3-9474-1A3956D46DE8}") = "runtime-lab", "runtime-lab", "{BAF81D77-3BA8-5B5D-B75E-7C80B47DA096}"
EndProject
Project("{FAE04EC0-301F-11D3-BF4B-00C04F79EFBC}") = "RuntimeLab", "labs\03-dotnet\runtime-lab\RuntimeLab.csproj", "{BF05911A-8B73-2FD5-129A-74EC2035B5AC}"
EndProject
Project("{2150E333-8FDC-42A3-9474-1A3956D46DE8}") = "04-backend", "04-backend", "{10D68CB0-9DFB-7971-FF01-47E75D675539}"
EndProject
Project("{2150E333-8FDC-42A3-9474-1A3956D46DE8}") = "backend-lab", "backend-lab", "{2457765B-CE30-ACA7-8F61-1C17BA3F4ADA}"
EndProject
Project("{FAE04EC0-301F-11D3-BF4B-00C04F79EFBC}") = "BackendLab", "labs\04-backend\backend-lab\BackendLab.csproj", "{5BC80622-34CC-26B6-1B02-8E3E6A752114}"
EndProject
Global
	GlobalSection(SolutionConfigurationPlatforms) = preSolution
		Debug|Any CPU = Debug|Any CPU
		Release|Any CPU = Release|Any CPU
	EndGlobalSection
	GlobalSection(ProjectConfigurationPlatforms) = postSolution
		{EF8E30E2-FE5F-C144-4F60-964324CEE44A}.Debug|Any CPU.ActiveCfg = Debug|Any CPU
		{EF8E30E2-FE5F-C144-4F60-964324CEE44A}.Debug|Any CPU.Build.0 = Debug|Any CPU
		{EF8E30E2-FE5F-C144-4F60-964324CEE44A}.Release|Any CPU.ActiveCfg = Release|Any CPU
		{EF8E30E2-FE5F-C144-4F60-964324CEE44A}.Release|Any CPU.Build.0 = Release|Any CPU
		{69CD479B-FCEF-37BD-8F65-E1A3216C2428}.Debug|Any CPU.ActiveCfg = Debug|Any CPU
		{69CD479B-FCEF-37BD-8F65-E1A3216C2428}.Debug|Any CPU.Build.0 = Debug|Any CPU
		{69CD479B-FCEF-37BD-8F65-E1A3216C2428}.Release|Any CPU.ActiveCfg = Release|Any CPU
		{69CD479B-FCEF-37BD-8F65-E1A3216C2428}.Release|Any CPU.Build.0 = Release|Any CPU
		{BF05911A-8B73-2FD5-129A-74EC2035B5AC}.Debug|Any CPU.ActiveCfg = Debug|Any CPU
		{BF05911A-8B73-2FD5-129A-74EC2035B5AC}.Debug|Any CPU.Build.0 = Debug|Any CPU
		{BF05911A-8B73-2FD5-129A-74EC2035B5AC}.Release|Any CPU.ActiveCfg = Release|Any CPU
		{BF05911A-8B73-2FD5-129A-74EC2035B5AC}.Release|Any CPU.Build.0 = Release|Any CPU
		{5BC80622-34CC-26B6-1B02-8E3E6A752114}.Debug|Any CPU.ActiveCfg = Debug|Any CPU
		{5BC80622-34CC-26B6-1B02-8E3E6A752114}.Debug|Any CPU.Build.0 = Debug|Any CPU
		{5BC80622-34CC-26B6-1B02-8E3E6A752114}.Release|Any CPU.ActiveCfg = Release|Any CPU
		{5BC80622-34CC-26B6-1B02-8E3E6A752114}.Release|Any CPU.Build.0 = Release|Any CPU
	EndGlobalSection
	GlobalSection(SolutionProperties) = preSolution
		HideSolutionNode = FALSE
	EndGlobalSection
	GlobalSection(NestedProjects) = preSolution
		{D547F825-72A2-58AB-F149-1D30ACBBC463} = {908A2AE8-7277-8D33-5900-B70622523C2F}
		{22CD7382-9602-EDF1-A93C-69061D266746} = {D547F825-72A2-58AB-F149-1D30ACBBC463}
		{EF8E30E2-FE5F-C144-4F60-964324CEE44A} = {22CD7382-9602-EDF1-A93C-69061D266746}
		{2597196B-27DA-7AD3-E1DC-74194B4B1D6E} = {908A2AE8-7277-8D33-5900-B70622523C2F}
		{811F1C53-1A52-397C-4573-C42C8A17690A} = {2597196B-27DA-7AD3-E1DC-74194B4B1D6E}
		{69CD479B-FCEF-37BD-8F65-E1A3216C2428} = {811F1C53-1A52-397C-4573-C42C8A17690A}
		{0DDD1D50-BAFF-9A47-2BDA-B383699962D6} = {908A2AE8-7277-8D33-5900-B70622523C2F}
		{BAF81D77-3BA8-5B5D-B75E-7C80B47DA096} = {0DDD1D50-BAFF-9A47-2BDA-B383699962D6}
		{BF05911A-8B73-2FD5-129A-74EC2035B5AC} = {BAF81D77-3BA8-5B5D-B75E-7C80B47DA096}
		{10D68CB0-9DFB-7971-FF01-47E75D675539} = {908A2AE8-7277-8D33-5900-B70622523C2F}
		{2457765B-CE30-ACA7-8F61-1C17BA3F4ADA} = {10D68CB0-9DFB-7971-FF01-47E75D675539}
		{5BC80622-34CC-26B6-1B02-8E3E6A752114} = {2457765B-CE30-ACA7-8F61-1C17BA3F4ADA}
	EndGlobalSection
	GlobalSection(ExtensibilityGlobals) = postSolution
		SolutionGuid = {9861FC4C-5781-454B-A328-CF8F547A2E1F}
	EndGlobalSection
EndGlobal
